
Microsoft Visual Studio Solution File, Format Version 12.00
# Visual Studio 15
VisualStudioVersion = 15.0.28307.421
MinimumVisualStudioVersion = 10.0.40219.1
Project("{FAE04EC0-301F-11D3-BF4B-00C04F79EFBC}") = "AssemblyExample", "AssemblyExample\AssemblyExample.csproj", "{DD996064-968D-43C7-B4E3-933C35EBE14D}"
EndProject
Project("{FAE04EC0-301F-11D3-BF4B-00C04F79EFBC}") = "ClassLibrary1", "ClassLibrary1\ClassLibrary1.csproj", "{CEE4D3AD-AAC7-4F5D-87F8-C0C9B4327230}"
EndProject
Global
	GlobalSection(SolutionConfigurationPlatforms) = preSolution
		Debug|Any CPU = Debug|Any CPU
		Release|Any CPU = Release|Any CPU
	EndGlobalSection
	GlobalSection(ProjectConfigurationPlatforms) = postSolution
		{DD996064-968D-43C7-B4E3-933C35EBE14D}.Debug|Any CPU.ActiveCfg = Debug|Any CPU
		{DD996064-968D-43C7-B4E3-933C35EBE14D}.Debug|Any CPU.Build.0 = Debug|Any CPU
		{DD996064-968D-43C7-B4E3-933C35EBE14D}.Release|Any CPU.ActiveCfg = Release|Any CPU
		{DD996064-968D-43C7-B4E3-933C35EBE14D}.Release|Any CPU.Build.0 = Release|Any CPU
		{CEE4D3AD-AAC7-4F5D-87F8-C0C9B4327230}.Debug|Any CPU.ActiveCfg = Debug|Any CPU
		{CEE4D3AD-AAC7-4F5D-87F8-C0C9B4327230}.Debug|Any CPU.Build.0 = Debug|Any CPU
		{CEE4D3AD-AAC7-4F5D-87F8-C0C9B4327230}.Release|Any CPU.ActiveCfg = Release|Any CPU
		{CEE4D3AD-AAC7-4F5D-87F8-C0C9B4327230}.Release|Any CPU.Build.0 = Release|Any CPU
	EndGlobalSection
	GlobalSection(SolutionProperties) = preSolution
		HideSolutionNode = FALSE
	EndGlobalSection
	GlobalSection(ExtensibilityGlobals) = postSolution
		SolutionGuid = {B90CC77F-B4A6-4F43-94E2-198CBF9B7D9B}
	EndGlobalSection
EndGlobal
