
Microsoft Visual Studio Solution File, Format Version 12.00
# Visual Studio 15
VisualStudioVersion = 15.0.28307.421
MinimumVisualStudioVersion = 10.0.40219.1
Project("{FAE04EC0-301F-11D3-BF4B-00C04F79EFBC}") = "Inventory.PresentationLayer", "Inventory.PresentationLayer\Inventory.PresentationLayer.csproj", "{59582FD4-63C2-457F-96E6-9042A313EF28}"
EndProject
Project("{FAE04EC0-301F-11D3-BF4B-00C04F79EFBC}") = "Inventory.Entities", "Inventory.Entities\Inventory.Entities.csproj", "{CA87318C-6906-48D3-97EC-D7372BA75D4A}"
EndProject
Project("{FAE04EC0-301F-11D3-BF4B-00C04F79EFBC}") = "Inventory.DataAccessLayer", "Inventory.DataAccessLayer\Inventory.DataAccessLayer.csproj", "{C6CAE6E8-A652-4BED-899D-465445B22187}"
EndProject
Project("{FAE04EC0-301F-11D3-BF4B-00C04F79EFBC}") = "Inventory.BusinessLayer", "Inventory.BusinessLayer\Inventory.BusinessLayer.csproj", "{B1F03BC1-C17C-4C65-BFE7-4D6A9E541D2E}"
EndProject
Project("{FAE04EC0-301F-11D3-BF4B-00C04F79EFBC}") = "Inventory.Exceptions", "Inventory.Exceptions\Inventory.Exceptions.csproj", "{864A09BA-9FE9-4F3D-AA09-E10C245AF039}"
EndProject
Global
	GlobalSection(SolutionConfigurationPlatforms) = preSolution
		Debug|Any CPU = Debug|Any CPU
		Release|Any CPU = Release|Any CPU
	EndGlobalSection
	GlobalSection(ProjectConfigurationPlatforms) = postSolution
		{59582FD4-63C2-457F-96E6-9042A313EF28}.Debug|Any CPU.ActiveCfg = Debug|Any CPU
		{59582FD4-63C2-457F-96E6-9042A313EF28}.Debug|Any CPU.Build.0 = Debug|Any CPU
		{59582FD4-63C2-457F-96E6-9042A313EF28}.Release|Any CPU.ActiveCfg = Release|Any CPU
		{59582FD4-63C2-457F-96E6-9042A313EF28}.Release|Any CPU.Build.0 = Release|Any CPU
		{CA87318C-6906-48D3-97EC-D7372BA75D4A}.Debug|Any CPU.ActiveCfg = Debug|Any CPU
		{CA87318C-6906-48D3-97EC-D7372BA75D4A}.Debug|Any CPU.Build.0 = Debug|Any CPU
		{CA87318C-6906-48D3-97EC-D7372BA75D4A}.Release|Any CPU.ActiveCfg = Release|Any CPU
		{CA87318C-6906-48D3-97EC-D7372BA75D4A}.Release|Any CPU.Build.0 = Release|Any CPU
		{C6CAE6E8-A652-4BED-899D-465445B22187}.Debug|Any CPU.ActiveCfg = Debug|Any CPU
		{C6CAE6E8-A652-4BED-899D-465445B22187}.Debug|Any CPU.Build.0 = Debug|Any CPU
		{C6CAE6E8-A652-4BED-899D-465445B22187}.Release|Any CPU.ActiveCfg = Release|Any CPU
		{C6CAE6E8-A652-4BED-899D-465445B22187}.Release|Any CPU.Build.0 = Release|Any CPU
		{B1F03BC1-C17C-4C65-BFE7-4D6A9E541D2E}.Debug|Any CPU.ActiveCfg = Debug|Any CPU
		{B1F03BC1-C17C-4C65-BFE7-4D6A9E541D2E}.Debug|Any CPU.Build.0 = Debug|Any CPU
		{B1F03BC1-C17C-4C65-BFE7-4D6A9E541D2E}.Release|Any CPU.ActiveCfg = Release|Any CPU
		{B1F03BC1-C17C-4C65-BFE7-4D6A9E541D2E}.Release|Any CPU.Build.0 = Release|Any CPU
		{864A09BA-9FE9-4F3D-AA09-E10C245AF039}.Debug|Any CPU.ActiveCfg = Debug|Any CPU
		{864A09BA-9FE9-4F3D-AA09-E10C245AF039}.Debug|Any CPU.Build.0 = Debug|Any CPU
		{864A09BA-9FE9-4F3D-AA09-E10C245AF039}.Release|Any CPU.ActiveCfg = Release|Any CPU
		{864A09BA-9FE9-4F3D-AA09-E10C245AF039}.Release|Any CPU.Build.0 = Release|Any CPU
	EndGlobalSection
	GlobalSection(SolutionProperties) = preSolution
		HideSolutionNode = FALSE
	EndGlobalSection
	GlobalSection(ExtensibilityGlobals) = postSolution
		SolutionGuid = {F2B0DCC2-F55A-4A2E-A990-BE608A0D0DE9}
	EndGlobalSection
EndGlobal
